{
  "version": 4,
  "terraform_version": "0.12.28",
  "serial": 16,
  "lineage": "11a6f25a-85e7-2c5c-1a21-602252aa04d9",
  "outputs": {
    "cluster_ca": {
      "value": "-----BEGIN CERTIFICATE-----\nMIIDCzCCAfOgAwIBAgIQMFn6+bdwvZmtGWnZeC0DXDANBgkqhkiG9w0BAQsFADAv\nMS0wKwYDVQQDEyQzZTcyMWQ5Mi04ZmRiLTRkMGUtODg0ZC1iMzgxZDFlZjc1Yzkw\nHhcNMjAwODAzMDY0NTIwWhcNMjUwODAyMDc0NTIwWjAvMS0wKwYDVQQDEyQzZTcy\nMWQ5Mi04ZmRiLTRkMGUtODg0ZC1iMzgxZDFlZjc1YzkwggEiMA0GCSqGSIb3DQEB\nAQUAA4IBDwAwggEKAoIBAQCopzr4H1zLlxtdOpdUxgMKVJoQ4uk3J1PHT2qEgAnm\noHKb3nCb7rFlzIUji1HMeP041fD7VJzPrWIJ4Hicywg59qiQXldOkXd7fak30ssd\nsX03MKXPvGKFxvsaHeVlZNMyNyN+G/4mzIc3xfTLPDoDsPzOaosZmOcZWLiiqa+o\n8fh7KShGg/vb6j19S2R4UWRfU9IViNKmon+YiddzFSah4uZl+9HFUiWnaMgtvVsT\ntpg0rJTH9tYxT4OTBwMck41Z6/96V53tsb2XtkXs6iiz4TiQOHsGl/qJ4hro7zCa\n/CNiiMn4xYaMmwSzQRCZ3ryGoLEM61/qlK65QIqwQA5DAgMBAAGjIzAhMA4GA1Ud\nDwEB/wQEAwICBDAPBgNVHRMBAf8EBTADAQH/MA0GCSqGSIb3DQEBCwUAA4IBAQB6\nzhhWXBmHbcTs8DK3PZD9+P4KNCDV13QQU+kEX0U0uL/+U4hlDKM1MKFTEVALFauO\nWK5N1xZ18bP32RkbgOWzG/QaaGVH3b8RC8H0YH8BAtE31/A7eXbRvDCjJPDwUjiv\nDhXt/tBvbKnW3OCBREYr2U+kNOk2W7BAzl00ovR5nya1Y29TgbbmBGM+K0Sjf566\nvsHFkjo6RpLWrgcZDiuUswxx0QF5mB7rxZAQGmPCA2Z7yMqMkm42voBejcyHv/Qa\n+bJicWR++xp1XR4gBz+wvxHFBS+0zddwju8jnOvtdBNxrCK/ypAH/YTj8R6IGcjE\nqWslsZX3K4SWO3MqjGqr\n-----END CERTIFICATE-----\n",
      "type": "string"
    },
    "cluster_name": {
      "value": "gke_poc-rtc_europe-west1-b_cassandra-europe-west1-b-master",
      "type": "string"
    },
    "cluster_server": {
      "value": "https://104.199.61.61",
      "type": "string"
    },
    "cluster_zone": {
      "value": "europe-west1-b",
      "type": "string"
    }
  },
  "resources": [
    {
      "mode": "data",
      "type": "google_client_config",
      "name": "current",
      "provider": "provider.google",
      "instances": [
        {
          "schema_version": 0,
          "attributes": {
            "access_token": "ya29.c.KpgB1gepZbUuSoWwDnDnBPx-vkNwoyPTPAcm5ye7KC3a__eRIRJXSVit-W80Z6gPmPkbGMK1W8XY2B2iGG2Muyajwozfrzabq9kQnDDQC6uSPpotaNlK4feNYu3my9XfSfrkLOZuUDZh9FVmonxEoSrYrqinOB7K2QPIc4WgNDJoh9RaqHf-LcZYi691CZN3DXU1YBJSnZeNpCc",
            "id": "2020-08-03 07:44:48.038557 +0000 UTC",
            "project": "poc-rtc",
            "region": "europe-west1",
            "zone": "europe-west1-b"
          }
        }
      ]
    },
    {
      "mode": "data",
      "type": "helm_repository",
      "name": "casskop",
      "provider": "provider.helm",
      "instances": [
        {
          "schema_version": 0,
          "attributes": {
            "ca_file": null,
            "cert_file": null,
            "id": "orange-incubator",
            "key_file": null,
            "metadata": [
              {
                "name": "orange-incubator",
                "url": "https://orange-kubernetes-charts-incubator.storage.googleapis.com"
              }
            ],
            "name": "orange-incubator",
            "password": null,
            "url": "https://orange-kubernetes-charts-incubator.storage.googleapis.com",
            "username": null
          }
        }
      ]
    },
    {
      "mode": "managed",
      "type": "google_compute_firewall",
      "name": "cassandra-cluster",
      "each": "list",
      "provider": "provider.google",
      "instances": [
        {
          "index_key": 0,
          "schema_version": 1,
          "attributes": {
            "allow": [
              {
                "ports": [],
                "protocol": "tcp"
              },
              {
                "ports": [],
                "protocol": "udp"
              }
            ],
            "creation_timestamp": "2020-08-03T00:51:11.915-07:00",
            "deny": [],
            "description": "",
            "destination_ranges": [],
            "direction": "INGRESS",
            "disabled": false,
            "enable_logging": false,
            "id": "projects/poc-rtc/global/firewalls/gke-cassandra-cluster",
            "name": "gke-cassandra-cluster",
            "network": "https://www.googleapis.com/compute/v1/projects/poc-rtc/global/networks/default",
            "priority": 1000,
            "project": "poc-rtc",
            "self_link": "https://www.googleapis.com/compute/v1/projects/poc-rtc/global/firewalls/gke-cassandra-cluster",
            "source_ranges": [
              "0.0.0.0/0"
            ],
            "source_service_accounts": null,
            "source_tags": null,
            "target_service_accounts": null,
            "target_tags": [
              "cassandra-cluster"
            ],
            "timeouts": null
          },
          "private": "eyJlMmJmYjczMC1lY2FhLTExZTYtOGY4OC0zNDM2M2JjN2M0YzAiOnsiY3JlYXRlIjoyNDAwMDAwMDAwMDAsImRlbGV0ZSI6MjQwMDAwMDAwMDAwLCJ1cGRhdGUiOjI0MDAwMDAwMDAwMH0sInNjaGVtYV92ZXJzaW9uIjoiMSJ9",
          "dependencies": [
            "google_container_cluster.cassandra-cluster",
            "google_container_node_pool.nodes"
          ]
        }
      ]
    },
    {
      "mode": "managed",
      "type": "google_container_cluster",
      "name": "cassandra-cluster",
      "provider": "provider.google-beta",
      "instances": [
        {
          "schema_version": 1,
          "attributes": {
            "additional_zones": [],
            "addons_config": [
              {
                "cloudrun_config": [
                  {
                    "disabled": true
                  }
                ],
                "config_connector_config": [],
                "dns_cache_config": [],
                "gce_persistent_disk_csi_driver_config": [],
                "horizontal_pod_autoscaling": [
                  {
                    "disabled": false
                  }
                ],
                "http_load_balancing": [
                  {
                    "disabled": false
                  }
                ],
                "istio_config": [
                  {
                    "auth": "",
                    "disabled": true
                  }
                ],
                "kalm_config": [],
                "kubernetes_dashboard": [],
                "network_policy_config": [
                  {
                    "disabled": true
                  }
                ]
              }
            ],
            "authenticator_groups_config": [],
            "cluster_autoscaling": [
              {
                "auto_provisioning_defaults": [],
                "autoscaling_profile": "BALANCED",
                "enabled": false,
                "resource_limits": []
              }
            ],
            "cluster_ipv4_cidr": "10.52.0.0/14",
            "cluster_telemetry": [
              {
                "type": "ENABLED"
              }
            ],
            "database_encryption": [
              {
                "key_name": "",
                "state": "DECRYPTED"
              }
            ],
            "default_max_pods_per_node": null,
            "default_snat_status": [
              {
                "disabled": false
              }
            ],
            "description": "",
            "enable_binary_authorization": false,
            "enable_intranode_visibility": false,
            "enable_kubernetes_alpha": false,
            "enable_legacy_abac": false,
            "enable_shielded_nodes": false,
            "enable_tpu": false,
            "endpoint": "104.199.61.61",
            "id": "projects/poc-rtc/locations/europe-west1-b/clusters/cassandra-europe-west1-b-master",
            "initial_node_count": 1,
            "instance_group_urls": [],
            "ip_allocation_policy": [],
            "label_fingerprint": "a9dc16a7",
            "location": "europe-west1-b",
            "logging_service": "logging.googleapis.com/kubernetes",
            "maintenance_policy": [],
            "master_auth": [
              {
                "client_certificate": "",
                "client_certificate_config": [
                  {
                    "issue_client_certificate": false
                  }
                ],
                "client_key": "",
                "cluster_ca_certificate": "LS0tLS1CRUdJTiBDRVJUSUZJQ0FURS0tLS0tCk1JSURDekNDQWZPZ0F3SUJBZ0lRTUZuNitiZHd2Wm10R1duWmVDMERYREFOQmdrcWhraUc5dzBCQVFzRkFEQXYKTVMwd0t3WURWUVFERXlRelpUY3lNV1E1TWkwNFptUmlMVFJrTUdVdE9EZzBaQzFpTXpneFpERmxaamMxWXprdwpIaGNOTWpBd09EQXpNRFkwTlRJd1doY05NalV3T0RBeU1EYzBOVEl3V2pBdk1TMHdLd1lEVlFRREV5UXpaVGN5Ck1XUTVNaTA0Wm1SaUxUUmtNR1V0T0RnMFpDMWlNemd4WkRGbFpqYzFZemt3Z2dFaU1BMEdDU3FHU0liM0RRRUIKQVFVQUE0SUJEd0F3Z2dFS0FvSUJBUUNvcHpyNEgxekxseHRkT3BkVXhnTUtWSm9RNHVrM0oxUEhUMnFFZ0FubQpvSEtiM25DYjdyRmx6SVVqaTFITWVQMDQxZkQ3Vkp6UHJXSUo0SGljeXdnNTlxaVFYbGRPa1hkN2ZhazMwc3NkCnNYMDNNS1hQdkdLRnh2c2FIZVZsWk5NeU55TitHLzRtekljM3hmVExQRG9Ec1B6T2Fvc1ptT2NaV0xpaXFhK28KOGZoN0tTaEdnL3ZiNmoxOVMyUjRVV1JmVTlJVmlOS21vbitZaWRkekZTYWg0dVpsKzlIRlVpV25hTWd0dlZzVAp0cGcwckpUSDl0WXhUNE9UQndNY2s0MVo2Lzk2VjUzdHNiMlh0a1hzNmlpejRUaVFPSHNHbC9xSjRocm83ekNhCi9DTmlpTW40eFlhTW13U3pRUkNaM3J5R29MRU02MS9xbEs2NVFJcXdRQTVEQWdNQkFBR2pJekFoTUE0R0ExVWQKRHdFQi93UUVBd0lDQkRBUEJnTlZIUk1CQWY4RUJUQURBUUgvTUEwR0NTcUdTSWIzRFFFQkN3VUFBNElCQVFCNgp6aGhXWEJtSGJjVHM4REszUFpEOStQNEtOQ0RWMTNRUVUra0VYMFUwdUwvK1U0aGxES00xTUtGVEVWQUxGYXVPCldLNU4xeFoxOGJQMzJSa2JnT1d6Ry9RYWFHVkgzYjhSQzhIMFlIOEJBdEUzMS9BN2VYYlJ2RENqSlBEd1VqaXYKRGhYdC90QnZiS25XM09DQlJFWXIyVStrTk9rMlc3QkF6bDAwb3ZSNW55YTFZMjlUZ2JibUJHTStLMFNqZjU2Ngp2c0hGa2pvNlJwTFdyZ2NaRGl1VXN3eHgwUUY1bUI3cnhaQVFHbVBDQTJaN3lNcU1rbTQydm9CZWpjeUh2L1FhCitiSmljV1IrK3hwMVhSNGdCeit3dnhIRkJTKzB6ZGR3anU4am5PdnRkQk54ckNLL3lwQUgvWVRqOFI2SUdjakUKcVdzbHNaWDNLNFNXTzNNcWpHcXIKLS0tLS1FTkQgQ0VSVElGSUNBVEUtLS0tLQo=",
                "password": "demodemodemodemo",
                "username": "demo"
              }
            ],
            "master_authorized_networks_config": [],
            "master_version": "1.15.12-gke.2",
            "min_master_version": null,
            "monitoring_service": "monitoring.googleapis.com/kubernetes",
            "name": "cassandra-europe-west1-b-master",
            "network": "projects/poc-rtc/global/networks/default",
            "network_policy": [
              {
                "enabled": false,
                "provider": ""
              }
            ],
            "networking_mode": "ROUTES",
            "node_config": [],
            "node_locations": [],
            "node_pool": [],
            "node_version": "1.15.12-gke.2",
            "operation": null,
            "pod_security_policy_config": [
              {
                "enabled": false
              }
            ],
            "private_cluster_config": [],
            "project": "poc-rtc",
            "region": null,
            "release_channel": [
              {
                "channel": "UNSPECIFIED"
              }
            ],
            "remove_default_node_pool": true,
            "resource_labels": null,
            "resource_usage_export_config": [],
            "services_ipv4_cidr": "10.55.240.0/20",
            "subnetwork": "projects/poc-rtc/regions/europe-west1/subnetworks/default",
            "timeouts": null,
            "tpu_ipv4_cidr_block": "",
            "vertical_pod_autoscaling": [
              {
                "enabled": false
              }
            ],
            "workload_identity_config": [],
            "zone": null
          },
          "private": "eyJlMmJmYjczMC1lY2FhLTExZTYtOGY4OC0zNDM2M2JjN2M0YzAiOnsiY3JlYXRlIjoyNDAwMDAwMDAwMDAwLCJkZWxldGUiOjI0MDAwMDAwMDAwMDAsInJlYWQiOjI0MDAwMDAwMDAwMDAsInVwZGF0ZSI6MzYwMDAwMDAwMDAwMH0sInNjaGVtYV92ZXJzaW9uIjoiMSJ9"
        }
      ]
    },
    {
      "mode": "managed",
      "type": "google_container_node_pool",
      "name": "nodes",
      "provider": "provider.google-beta",
      "instances": [
        {
          "schema_version": 1,
          "attributes": {
            "autoscaling": [],
            "cluster": "cassandra-europe-west1-b-master",
            "id": "projects/poc-rtc/locations/europe-west1-b/clusters/cassandra-europe-west1-b-master/nodePools/nodes-pool",
            "initial_node_count": 4,
            "instance_group_urls": [
              "https://www.googleapis.com/compute/v1/projects/poc-rtc/zones/europe-west1-b/instanceGroupManagers/gke-cassandra-europe-west1-nodes-pool-04d449ca-grp"
            ],
            "location": "europe-west1-b",
            "management": [
              {
                "auto_repair": true,
                "auto_upgrade": true
              }
            ],
            "max_pods_per_node": 0,
            "name": "nodes-pool",
            "name_prefix": "",
            "node_config": [
              {
                "boot_disk_kms_key": "",
                "disk_size_gb": 100,
                "disk_type": "pd-standard",
                "guest_accelerator": [],
                "image_type": "COS",
                "labels": {},
                "local_ssd_count": 0,
                "machine_type": "n1-standard-2",
                "metadata": {
                  "disable-legacy-endpoints": "true"
                },
                "min_cpu_platform": "",
                "oauth_scopes": [
                  "https://www.googleapis.com/auth/devstorage.read_only",
                  "https://www.googleapis.com/auth/logging.write",
                  "https://www.googleapis.com/auth/monitoring",
                  "https://www.googleapis.com/auth/ndev.clouddns.readwrite",
                  "https://www.googleapis.com/auth/service.management.readonly",
                  "https://www.googleapis.com/auth/servicecontrol",
                  "https://www.googleapis.com/auth/trace.append"
                ],
                "preemptible": false,
                "sandbox_config": [],
                "service_account": "default",
                "shielded_instance_config": [
                  {
                    "enable_integrity_monitoring": true,
                    "enable_secure_boot": false
                  }
                ],
                "tags": [
                  "cassandra-cluster"
                ],
                "taint": [],
                "workload_metadata_config": []
              }
            ],
            "node_count": 4,
            "node_locations": [
              "europe-west1-b"
            ],
            "project": "poc-rtc",
            "region": null,
            "timeouts": null,
            "upgrade_settings": [
              {
                "max_surge": 1,
                "max_unavailable": 0
              }
            ],
            "version": "1.15.12-gke.2",
            "zone": null
          },
          "private": "eyJlMmJmYjczMC1lY2FhLTExZTYtOGY4OC0zNDM2M2JjN2M0YzAiOnsiY3JlYXRlIjoxODAwMDAwMDAwMDAwLCJkZWxldGUiOjE4MDAwMDAwMDAwMDAsInVwZGF0ZSI6MTgwMDAwMDAwMDAwMH0sInNjaGVtYV92ZXJzaW9uIjoiMSJ9",
          "dependencies": [
            "google_container_cluster.cassandra-cluster"
          ]
        }
      ]
    },
    {
      "mode": "managed",
      "type": "google_dns_managed_zone",
      "name": "external-dns-zone",
      "each": "list",
      "provider": "provider.google",
      "instances": []
    },
    {
      "mode": "managed",
      "type": "google_dns_record_set",
      "name": "external-dns-record-set",
      "each": "list",
      "provider": "provider.google",
      "instances": []
    },
    {
      "mode": "managed",
      "type": "helm_release",
      "name": "casskop",
      "provider": "provider.helm",
      "instances": [
        {
          "schema_version": 0,
          "attributes": {
            "atomic": false,
            "chart": "cassandra-operator",
            "cleanup_on_fail": false,
            "create_namespace": false,
            "dependency_update": false,
            "description": null,
            "devel": null,
            "disable_crd_hooks": false,
            "disable_openapi_validation": false,
            "disable_webhooks": false,
            "force_update": false,
            "id": "casskop",
            "keyring": null,
            "lint": false,
            "max_history": 0,
            "metadata": [
              {
                "chart": "cassandra-operator",
                "name": "casskop",
                "namespace": "cassandra-demo",
                "revision": 1,
                "values": "{\"createCustomResource\":true,\"image\":{\"tag\":\"v0.5.3-release\"}}",
                "version": "0.5.3"
              }
            ],
            "name": "casskop",
            "namespace": "cassandra-demo",
            "postrender": [],
            "recreate_pods": false,
            "render_subchart_notes": true,
            "replace": false,
            "repository": "orange-incubator",
            "repository_ca_file": null,
            "repository_cert_file": null,
            "repository_key_file": null,
            "repository_password": null,
            "repository_username": null,
            "reset_values": false,
            "reuse_values": false,
            "set": [
              {
                "name": "createCustomResource",
                "type": "",
                "value": "true"
              },
              {
                "name": "image.tag",
                "type": "",
                "value": "v0.5.3-release"
              }
            ],
            "set_sensitive": [],
            "set_string": [],
            "skip_crds": false,
            "status": "deployed",
            "timeout": 300,
            "values": null,
            "verify": false,
            "version": "0.5.3",
            "wait": true
          },
          "private": "bnVsbA==",
          "dependencies": [
            "google_container_cluster.cassandra-cluster",
            "google_container_node_pool.nodes",
            "kubernetes_cluster_role_binding.tiller-admin-binding",
            "kubernetes_namespace.cassandra-demo",
            "kubernetes_secret.tiller",
            "kubernetes_service_account.tiller"
          ]
        }
      ]
    },
    {
      "mode": "managed",
      "type": "kubernetes_cluster_role",
      "name": "external-dns",
      "provider": "provider.kubernetes",
      "instances": [
        {
          "schema_version": 0,
          "attributes": {
            "id": "external-dns",
            "metadata": [
              {
                "annotations": null,
                "generation": 0,
                "labels": null,
                "name": "external-dns",
                "resource_version": "1482",
                "self_link": "/apis/rbac.authorization.k8s.io/v1/clusterroles/external-dns",
                "uid": "283f4e51-5dde-4641-bc93-e681eef75f45"
              }
            ],
            "rule": [
              {
                "api_groups": [
                  ""
                ],
                "non_resource_urls": null,
                "resource_names": null,
                "resources": [
                  "services"
                ],
                "verbs": [
                  "get",
                  "watch",
                  "list"
                ]
              },
              {
                "api_groups": [
                  ""
                ],
                "non_resource_urls": null,
                "resource_names": null,
                "resources": [
                  "pods"
                ],
                "verbs": [
                  "get",
                  "watch",
                  "list"
                ]
              },
              {
                "api_groups": [
                  ""
                ],
                "non_resource_urls": null,
                "resource_names": null,
                "resources": [
                  "nodes"
                ],
                "verbs": [
                  "get",
                  "watch",
                  "list"
                ]
              },
              {
                "api_groups": [
                  "extensions"
                ],
                "non_resource_urls": null,
                "resource_names": null,
                "resources": [
                  "ingresses"
                ],
                "verbs": [
                  "get",
                  "watch",
                  "list"
                ]
              }
            ]
          },
          "private": "bnVsbA==",
          "dependencies": [
            "google_container_cluster.cassandra-cluster",
            "google_container_node_pool.nodes"
          ]
        }
      ]
    },
    {
      "mode": "managed",
      "type": "kubernetes_cluster_role_binding",
      "name": "external-dns-viewer",
      "provider": "provider.kubernetes",
      "instances": [
        {
          "schema_version": 0,
          "attributes": {
            "id": "external-dns-viewer",
            "metadata": [
              {
                "annotations": null,
                "generation": 0,
                "labels": null,
                "name": "external-dns-viewer",
                "resource_version": "1500",
                "self_link": "/apis/rbac.authorization.k8s.io/v1/clusterrolebindings/external-dns-viewer",
                "uid": "bb5373fd-6d09-4f23-8dad-95c3c44199ab"
              }
            ],
            "role_ref": [
              {
                "api_group": "rbac.authorization.k8s.io",
                "kind": "ClusterRole",
                "name": "external-dns"
              }
            ],
            "subject": [
              {
                "api_group": "",
                "kind": "ServiceAccount",
                "name": "external-dns",
                "namespace": "cassandra-demo"
              }
            ]
          },
          "private": "bnVsbA==",
          "dependencies": [
            "google_container_cluster.cassandra-cluster",
            "google_container_node_pool.nodes",
            "kubernetes_cluster_role.external-dns",
            "kubernetes_namespace.cassandra-demo",
            "kubernetes_service_account.external-dns"
          ]
        }
      ]
    },
    {
      "mode": "managed",
      "type": "kubernetes_cluster_role_binding",
      "name": "tiller-admin-binding",
      "provider": "provider.kubernetes",
      "instances": [
        {
          "schema_version": 0,
          "attributes": {
            "id": "tiller-admin-binding",
            "metadata": [
              {
                "annotations": null,
                "generation": 0,
                "labels": null,
                "name": "tiller-admin-binding",
                "resource_version": "1498",
                "self_link": "/apis/rbac.authorization.k8s.io/v1/clusterrolebindings/tiller-admin-binding",
                "uid": "1c28934f-91c8-4228-8cf1-9a054756c42f"
              }
            ],
            "role_ref": [
              {
                "api_group": "rbac.authorization.k8s.io",
                "kind": "ClusterRole",
                "name": "cluster-admin"
              }
            ],
            "subject": [
              {
                "api_group": "",
                "kind": "ServiceAccount",
                "name": "tiller",
                "namespace": "kube-system"
              }
            ]
          },
          "private": "bnVsbA==",
          "dependencies": [
            "google_container_cluster.cassandra-cluster",
            "google_container_node_pool.nodes",
            "kubernetes_secret.tiller",
            "kubernetes_service_account.tiller"
          ]
        }
      ]
    },
    {
      "mode": "managed",
      "type": "kubernetes_config_map",
      "name": "cassandra",
      "provider": "provider.kubernetes",
      "instances": [
        {
          "schema_version": 0,
          "attributes": {
            "binary_data": null,
            "data": {
              "post_run.sh": "echo \"Check Configured seeds by bootstrap\"\ngrep \"seeds:\" /etc/cassandra/cassandra.yaml\n",
              "pre_run.sh": "echo \"Change default Authenticator \u0026 Authorizer\"\nsed -ri 's/(authenticator:).*/\\1 PasswordAuthenticator/' /etc/cassandra/cassandra.yaml\nsed -ri 's/(authorizer:).*/\\1 CassandraAuthorizer/' /etc/cassandra/cassandra.yaml\n#test \"$(hostname)\" == 'cassandra-demo-dc1-rack2-0' \u0026\u0026 echo \"update param\" \u0026\u0026 sed -i 's/windows_timer_interval: 1/windows_timer_interval: 2/' /etc/cassandra/cassandra.yaml\n#test \"$(hostname)\" == 'cassandra-demo-dc1-rack3-0' \u0026\u0026 echo \"-Dcassandra.replace_address_first_boot=\u003cpod_ip\u003e\" \u003e\u003e /etc/cassandra/jvm.options\necho \"** end of pre_run.sh script, continue with run.sh\"\n"
            },
            "id": "cassandra-demo/cassandra-configmap-v1",
            "metadata": [
              {
                "annotations": null,
                "generate_name": "",
                "generation": 0,
                "labels": null,
                "name": "cassandra-configmap-v1",
                "namespace": "cassandra-demo",
                "resource_version": "1494",
                "self_link": "/api/v1/namespaces/cassandra-demo/configmaps/cassandra-configmap-v1",
                "uid": "5babdb1a-dae8-4980-a128-22079d87c128"
              }
            ]
          },
          "private": "bnVsbA==",
          "dependencies": [
            "google_container_cluster.cassandra-cluster",
            "google_container_node_pool.nodes",
            "kubernetes_namespace.cassandra-demo"
          ]
        }
      ]
    },
    {
      "mode": "managed",
      "type": "kubernetes_deployment",
      "name": "external-dns",
      "provider": "provider.kubernetes",
      "instances": [
        {
          "schema_version": 0,
          "attributes": {
            "id": "cassandra-demo/external-dns",
            "metadata": [
              {
                "annotations": null,
                "generate_name": "",
                "generation": 1,
                "labels": {
                  "app": "external-dns"
                },
                "name": "external-dns",
                "namespace": "cassandra-demo",
                "resource_version": "1713",
                "self_link": "/apis/apps/v1/namespaces/cassandra-demo/deployments/external-dns",
                "uid": "25f85bbb-cb2b-45c8-a37e-e1e01556b610"
              }
            ],
            "spec": [
              {
                "min_ready_seconds": 0,
                "paused": false,
                "progress_deadline_seconds": 600,
                "replicas": 1,
                "revision_history_limit": 10,
                "selector": [
                  {
                    "match_expressions": [],
                    "match_labels": {
                      "app": "external-dns"
                    }
                  }
                ],
                "strategy": [
                  {
                    "rolling_update": [],
                    "type": "Recreate"
                  }
                ],
                "template": [
                  {
                    "metadata": [
                      {
                        "annotations": null,
                        "generate_name": "",
                        "generation": 0,
                        "labels": {
                          "app": "external-dns"
                        },
                        "name": "",
                        "namespace": "",
                        "resource_version": "",
                        "self_link": "",
                        "uid": ""
                      }
                    ],
                    "spec": [
                      {
                        "active_deadline_seconds": 0,
                        "affinity": [],
                        "automount_service_account_token": true,
                        "container": [
                          {
                            "args": [
                              "--source=service",
                              "--source=ingress",
                              "--domain-filter=external-dns-test.gcp.trycatchlearn.fr",
                              "--provider=google",
                              "--policy=upsert-only",
                              "--registry=txt",
                              "--txt-owner-id=gke-poc-rtc-europe-west1-b_cassandra-europe-west1-b-master-cassandra-demo"
                            ],
                            "command": [],
                            "env": [],
                            "env_from": [],
                            "image": "bitnami/external-dns:0.5.14",
                            "image_pull_policy": "IfNotPresent",
                            "lifecycle": [],
                            "liveness_probe": [],
                            "name": "external-dns",
                            "port": [],
                            "readiness_probe": [],
                            "resources": [
                              {
                                "limits": null,
                                "requests": null
                              }
                            ],
                            "security_context": [],
                            "startup_probe": [],
                            "stdin": false,
                            "stdin_once": false,
                            "termination_message_path": "/dev/termination-log",
                            "tty": false,
                            "volume_mount": [],
                            "working_dir": ""
                          }
                        ],
                        "dns_config": [],
                        "dns_policy": "ClusterFirst",
                        "host_aliases": [],
                        "host_ipc": false,
                        "host_network": false,
                        "host_pid": false,
                        "hostname": "",
                        "image_pull_secrets": [],
                        "init_container": [],
                        "node_name": "",
                        "node_selector": null,
                        "priority_class_name": "",
                        "restart_policy": "Always",
                        "security_context": [],
                        "service_account_name": "external-dns",
                        "share_process_namespace": false,
                        "subdomain": "",
                        "termination_grace_period_seconds": 30,
                        "toleration": [],
                        "volume": []
                      }
                    ]
                  }
                ]
              }
            ],
            "timeouts": null,
            "wait_for_rollout": true
          },
          "private": "eyJlMmJmYjczMC1lY2FhLTExZTYtOGY4OC0zNDM2M2JjN2M0YzAiOnsiY3JlYXRlIjo2MDAwMDAwMDAwMDAsImRlbGV0ZSI6NjAwMDAwMDAwMDAwLCJ1cGRhdGUiOjYwMDAwMDAwMDAwMH19",
          "dependencies": [
            "google_container_cluster.cassandra-cluster",
            "google_container_node_pool.nodes",
            "kubernetes_namespace.cassandra-demo",
            "kubernetes_service_account.external-dns"
          ]
        }
      ]
    },
    {
      "mode": "managed",
      "type": "kubernetes_namespace",
      "name": "cassandra-demo",
      "provider": "provider.kubernetes",
      "instances": [
        {
          "schema_version": 0,
          "attributes": {
            "id": "cassandra-demo",
            "metadata": [
              {
                "annotations": {
                  "name": "cassandra-demo"
                },
                "generate_name": "",
                "generation": 0,
                "labels": null,
                "name": "cassandra-demo",
                "resource_version": "1480",
                "self_link": "/api/v1/namespaces/cassandra-demo",
                "uid": "d0362690-3741-4eb6-875e-818fd40dc112"
              }
            ],
            "timeouts": null
          },
          "private": "eyJlMmJmYjczMC1lY2FhLTExZTYtOGY4OC0zNDM2M2JjN2M0YzAiOnsiZGVsZXRlIjozMDAwMDAwMDAwMDB9fQ==",
          "dependencies": [
            "google_container_cluster.cassandra-cluster",
            "google_container_node_pool.nodes"
          ]
        }
      ]
    },
    {
      "mode": "managed",
      "type": "kubernetes_secret",
      "name": "tiller",
      "provider": "provider.kubernetes",
      "instances": [
        {
          "schema_version": 0,
          "attributes": {
            "data": null,
            "id": "kube-system/tiller",
            "metadata": [
              {
                "annotations": null,
                "generate_name": "",
                "generation": 0,
                "labels": null,
                "name": "tiller",
                "namespace": "kube-system",
                "resource_version": "1158",
                "self_link": "/api/v1/namespaces/kube-system/secrets/tiller",
                "uid": "3b124ee1-c7f7-4397-a713-1ab02143a056"
              }
            ],
            "type": "Opaque"
          },
          "private": "bnVsbA==",
          "dependencies": [
            "google_container_cluster.cassandra-cluster"
          ]
        }
      ]
    },
    {
      "mode": "managed",
      "type": "kubernetes_service_account",
      "name": "external-dns",
      "provider": "provider.kubernetes",
      "instances": [
        {
          "schema_version": 0,
          "attributes": {
            "automount_service_account_token": true,
            "default_secret_name": "external-dns-token-kqvrf",
            "id": "cassandra-demo/external-dns",
            "image_pull_secret": [],
            "metadata": [
              {
                "annotations": null,
                "generate_name": "",
                "generation": 0,
                "labels": null,
                "name": "external-dns",
                "namespace": "cassandra-demo",
                "resource_version": "1497",
                "self_link": "/api/v1/namespaces/cassandra-demo/serviceaccounts/external-dns",
                "uid": "c03865e0-99a0-4133-9b87-4ebf59e8620a"
              }
            ],
            "secret": [],
            "timeouts": null
          },
          "private": "eyJlMmJmYjczMC1lY2FhLTExZTYtOGY4OC0zNDM2M2JjN2M0YzAiOnsiY3JlYXRlIjozMDAwMDAwMDAwMH19",
          "dependencies": [
            "google_container_cluster.cassandra-cluster",
            "google_container_node_pool.nodes",
            "kubernetes_namespace.cassandra-demo"
          ]
        }
      ]
    },
    {
      "mode": "managed",
      "type": "kubernetes_service_account",
      "name": "tiller",
      "provider": "provider.kubernetes",
      "instances": [
        {
          "schema_version": 0,
          "attributes": {
            "automount_service_account_token": false,
            "default_secret_name": "tiller-token-xpg9v",
            "id": "kube-system/tiller",
            "image_pull_secret": [],
            "metadata": [
              {
                "annotations": null,
                "generate_name": "",
                "generation": 0,
                "labels": null,
                "name": "tiller",
                "namespace": "kube-system",
                "resource_version": "1485",
                "self_link": "/api/v1/namespaces/kube-system/serviceaccounts/tiller",
                "uid": "434755e9-f631-437e-b410-6819e0391e17"
              }
            ],
            "secret": [],
            "timeouts": null
          },
          "private": "eyJlMmJmYjczMC1lY2FhLTExZTYtOGY4OC0zNDM2M2JjN2M0YzAiOnsiY3JlYXRlIjozMDAwMDAwMDAwMH19",
          "dependencies": [
            "google_container_cluster.cassandra-cluster",
            "google_container_node_pool.nodes",
            "kubernetes_secret.tiller"
          ]
        }
      ]
    },
    {
      "mode": "managed",
      "type": "kubernetes_storage_class",
      "name": "cassandra-standard",
      "provider": "provider.kubernetes",
      "instances": [
        {
          "schema_version": 0,
          "attributes": {
            "allow_volume_expansion": true,
            "id": "standard-wait",
            "metadata": [
              {
                "annotations": null,
                "generate_name": "",
                "generation": 0,
                "labels": null,
                "name": "standard-wait",
                "resource_version": "1481",
                "self_link": "/apis/storage.k8s.io/v1/storageclasses/standard-wait",
                "uid": "ba1898c1-4618-4518-907d-e55a49d2f347"
              }
            ],
            "mount_options": null,
            "parameters": {
              "type": "pd-standard"
            },
            "reclaim_policy": "Delete",
            "storage_provisioner": "kubernetes.io/gce-pd",
            "volume_binding_mode": "WaitForFirstConsumer"
          },
          "private": "bnVsbA==",
          "dependencies": [
            "google_container_cluster.cassandra-cluster",
            "google_container_node_pool.nodes"
          ]
        }
      ]
    }
  ]
}
