{
  "version": 4,
  "terraform_version": "0.12.6",
  "serial": 21,
  "lineage": "db24909a-028d-cd37-4f20-0a1457ed86cb",
  "outputs": {},
  "resources": [
    {
      "mode": "managed",
      "type": "google_container_node_pool",
      "name": "nodes",
      "provider": "provider.google-beta",
      "instances": []
    },
    {
      "mode": "managed",
      "type": "google_dns_managed_zone",
      "name": "external-dns-zone",
      "each": "list",
      "provider": "provider.google",
      "instances": [
        {
          "index_key": 0,
          "schema_version": 0,
          "attributes": {
            "description": "Automatically managed zone by kubernetes.io/external-dns",
            "dns_name": "external-dns-test.gcp.trycatchlearn.fr.",
            "dnssec_config": [],
            "id": "projects/poc-rtc/managedZones/external-dns-test-gcp-trycatchlearn-fr",
            "labels": null,
            "name": "external-dns-test-gcp-trycatchlearn-fr",
            "name_servers": [
              "ns-cloud-e1.googledomains.com.",
              "ns-cloud-e2.googledomains.com.",
              "ns-cloud-e3.googledomains.com.",
              "ns-cloud-e4.googledomains.com."
            ],
            "private_visibility_config": [],
            "project": "poc-rtc",
            "timeouts": null,
            "visibility": "public"
          },
          "private": "eyJlMmJmYjczMC1lY2FhLTExZTYtOGY4OC0zNDM2M2JjN2M0YzAiOnsiY3JlYXRlIjoyNDAwMDAwMDAwMDAsImRlbGV0ZSI6MjQwMDAwMDAwMDAwLCJ1cGRhdGUiOjI0MDAwMDAwMDAwMH19"
        }
      ]
    },
    {
      "mode": "managed",
      "type": "google_dns_record_set",
      "name": "external-dns-record-set",
      "each": "list",
      "provider": "provider.google",
      "instances": [
        {
          "index_key": 0,
          "schema_version": 0,
          "attributes": {
            "id": "tracking-pdb/external-dns-test.gcp.trycatchlearn.fr./NS",
            "managed_zone": "tracking-pdb",
            "name": "external-dns-test.gcp.trycatchlearn.fr.",
            "project": "poc-rtc",
            "rrdatas": [
              "ns-cloud-e1.googledomains.com.",
              "ns-cloud-e2.googledomains.com.",
              "ns-cloud-e3.googledomains.com.",
              "ns-cloud-e4.googledomains.com."
            ],
            "ttl": 300,
            "type": "NS"
          },
          "private": "bnVsbA==",
          "depends_on": [
            "google_dns_managed_zone.external-dns-zone[0]"
          ]
        }
      ]
    }
  ]
}
