{
  "version": 4,
  "terraform_version": "0.12.6",
  "serial": 53,
  "lineage": "4fc05175-4d10-89dc-b41b-2ea3660def42",
  "outputs": {
    "cluster_ca": {
      "value": "-----BEGIN CERTIFICATE-----\nMIIDDDCCAfSgAwIBAgIRAPSwZWlUNNk6qi83V6qorm4wDQYJKoZIhvcNAQELBQAw\nLzEtMCsGA1UEAxMkZDliZmFjNzYtYmQ1MS00NGQ0LWE0M2EtYmRmYTUzMDJmNzg1\nMB4XDTE5MTIwMzEyNDUyOVoXDTI0MTIwMTEzNDUyOVowLzEtMCsGA1UEAxMkZDli\nZmFjNzYtYmQ1MS00NGQ0LWE0M2EtYmRmYTUzMDJmNzg1MIIBIjANBgkqhkiG9w0B\nAQEFAAOCAQ8AMIIBCgKCAQEA2c42Ms+hvcDsKvZcrFDW+iBG6G50IYlkK7H2oAuF\n5K4pixPAhpxHFcT0VC3/OSmnz2fAiHDG16ReZcEUyd1bm0apx3XnhqPS74eKVPWZ\nRAYkFAl3rOOu6NUtNLGLARp4Fk/ui2LavRXNE7ojYRKqlCIUyOz/Z5I20pt2J3C5\nHd+pahu+NGByY4B4zdJqRhhhMPBDucq5BHdjnYj1pDT28qQL1o5LfA3Tv+zDIq6D\nNEoCshapjYqMmTaB4rQVQwBza+1WxEtVcqt+V6W23d65XYb8BrvoYqYZX/U+yeWO\ndzATeS9D+01eTcJI84ji2qoxZJo8UwDdlDTCFa3qaJzHAQIDAQABoyMwITAOBgNV\nHQ8BAf8EBAMCAgQwDwYDVR0TAQH/BAUwAwEB/zANBgkqhkiG9w0BAQsFAAOCAQEA\ncCdUXq9NiuQs2jQnNGiMylGDhz4VlLyNnFByhz44y0+k0Ydu1iU9h35IbH201fqX\nQo5BMKLbBzLf+tWke15T7tCxBfygP7YfOD4/VSLBUoW+iuZ9wJ0tqYttjQuE04oF\nv+ezJ6vRFaDB8CT0ukrGmFo8UClhYqnVN4V2KeqoOquf0DTd187WvKYqGKToxETt\n+jQk5qXcDP1ztGFA9kJHYBrrn71ax3gzjpAsPYm1E9IB8evJjUJkLv/JqP+uKZ87\ngSyfn+eNSF2VidbyTkcYjZ+FGd3e5FZS4c+grDEMBLvI0L6JGS9jyijMB79P2WRs\nhfFfVV4UY7VJOV5IvtnoxA==\n-----END CERTIFICATE-----\n",
      "type": "string"
    },
    "cluster_name": {
      "value": "gke_poc-rtc_europe-west1-b_cassandra-europe-west1-b-master",
      "type": "string"
    },
    "cluster_server": {
      "value": "https://34.76.235.31",
      "type": "string"
    },
    "cluster_zone": {
      "value": "europe-west1-b",
      "type": "string"
    }
  },
  "resources": [
    {
      "mode": "data",
      "type": "google_client_config",
      "name": "current",
      "provider": "provider.google",
      "instances": [
        {
          "schema_version": 0,
          "attributes": {
            "access_token": "ya29.c.KmWzB5d6e6-Fb4HUtQ_cYiKIiB3U2f0yrHe9r9beGJNR8XaWEqZysIkJf9ibBhX0Y0rH1gZtrr-Vj4kt4dh_wFlXxt7RKMBb9jWDbm35ooz9IuEAdYkfQzSL9cMsqwxbI4wtprpH9w",
            "id": "2019-12-03 17:42:40.886502052 +0000 UTC",
            "project": "poc-rtc",
            "region": "europe-west1",
            "zone": "europe-west1-b"
          }
        }
      ]
    },
    {
      "mode": "data",
      "type": "helm_repository",
      "name": "casskop",
      "provider": "provider.helm",
      "instances": [
        {
          "schema_version": 0,
          "attributes": {
            "ca_file": null,
            "cert_file": null,
            "id": "casskop",
            "key_file": null,
            "metadata": [
              {
                "name": "casskop",
                "url": "https://Orange-OpenSource.github.io/cassandra-k8s-operator/helm"
              }
            ],
            "name": "casskop",
            "password": null,
            "url": "https://Orange-OpenSource.github.io/cassandra-k8s-operator/helm",
            "username": null
          }
        }
      ]
    },
    {
      "mode": "managed",
      "type": "google_container_cluster",
      "name": "cassandra-cluster",
      "provider": "provider.google-beta",
      "instances": [
        {
          "schema_version": 1,
          "attributes": {
            "additional_zones": null,
            "addons_config": [
              {
                "cloudrun_config": [
                  {
                    "disabled": true
                  }
                ],
                "horizontal_pod_autoscaling": [
                  {
                    "disabled": false
                  }
                ],
                "http_load_balancing": [
                  {
                    "disabled": false
                  }
                ],
                "istio_config": [
                  {
                    "auth": "",
                    "disabled": true
                  }
                ],
                "kubernetes_dashboard": [],
                "network_policy_config": [
                  {
                    "disabled": true
                  }
                ]
              }
            ],
            "authenticator_groups_config": [],
            "cluster_autoscaling": [
              {
                "enabled": false,
                "resource_limits": []
              }
            ],
            "cluster_ipv4_cidr": "10.52.0.0/14",
            "database_encryption": [
              {
                "key_name": "",
                "state": "DECRYPTED"
              }
            ],
            "default_max_pods_per_node": 110,
            "description": "",
            "enable_binary_authorization": false,
            "enable_intranode_visibility": false,
            "enable_kubernetes_alpha": false,
            "enable_legacy_abac": false,
            "enable_shielded_nodes": false,
            "enable_tpu": false,
            "endpoint": "34.76.235.31",
            "id": "projects/poc-rtc/locations/europe-west1-b/clusters/cassandra-europe-west1-b-master",
            "initial_node_count": 1,
            "instance_group_urls": [
              "https://www.googleapis.com/compute/beta/projects/poc-rtc/zones/europe-west1-b/instanceGroups/gke-cassandra-europe-west1-nodes-pool-939b4f68-grp"
            ],
            "ip_allocation_policy": [],
            "location": "europe-west1-b",
            "logging_service": "logging.googleapis.com/kubernetes",
            "maintenance_policy": [],
            "master_auth": [
              {
                "client_certificate": "",
                "client_certificate_config": [
                  {
                    "issue_client_certificate": false
                  }
                ],
                "client_key": "",
                "cluster_ca_certificate": "LS0tLS1CRUdJTiBDRVJUSUZJQ0FURS0tLS0tCk1JSURERENDQWZTZ0F3SUJBZ0lSQVBTd1pXbFVOTms2cWk4M1Y2cW9ybTR3RFFZSktvWklodmNOQVFFTEJRQXcKTHpFdE1Dc0dBMVVFQXhNa1pEbGlabUZqTnpZdFltUTFNUzAwTkdRMExXRTBNMkV0WW1SbVlUVXpNREptTnpnMQpNQjRYRFRFNU1USXdNekV5TkRVeU9Wb1hEVEkwTVRJd01URXpORFV5T1Zvd0x6RXRNQ3NHQTFVRUF4TWtaRGxpClptRmpOell0WW1RMU1TMDBOR1EwTFdFME0yRXRZbVJtWVRVek1ESm1OemcxTUlJQklqQU5CZ2txaGtpRzl3MEIKQVFFRkFBT0NBUThBTUlJQkNnS0NBUUVBMmM0Mk1zK2h2Y0RzS3ZaY3JGRFcraUJHNkc1MElZbGtLN0gyb0F1Rgo1SzRwaXhQQWhweEhGY1QwVkMzL09TbW56MmZBaUhERzE2UmVaY0VVeWQxYm0wYXB4M1huaHFQUzc0ZUtWUFdaClJBWWtGQWwzck9PdTZOVXROTEdMQVJwNEZrL3VpMkxhdlJYTkU3b2pZUktxbENJVXlPei9aNUkyMHB0MkozQzUKSGQrcGFodStOR0J5WTRCNHpkSnFSaGhoTVBCRHVjcTVCSGRqbllqMXBEVDI4cVFMMW81TGZBM1R2K3pESXE2RApORW9Dc2hhcGpZcU1tVGFCNHJRVlF3QnphKzFXeEV0VmNxdCtWNlcyM2Q2NVhZYjhCcnZvWXFZWlgvVSt5ZVdPCmR6QVRlUzlEKzAxZVRjSkk4NGppMnFveFpKbzhVd0RkbERUQ0ZhM3FhSnpIQVFJREFRQUJveU13SVRBT0JnTlYKSFE4QkFmOEVCQU1DQWdRd0R3WURWUjBUQVFIL0JBVXdBd0VCL3pBTkJna3Foa2lHOXcwQkFRc0ZBQU9DQVFFQQpjQ2RVWHE5Tml1UXMyalFuTkdpTXlsR0RoejRWbEx5Tm5GQnloejQ0eTArazBZZHUxaVU5aDM1SWJIMjAxZnFYClFvNUJNS0xiQnpMZit0V2tlMTVUN3RDeEJmeWdQN1lmT0Q0L1ZTTEJVb1craXVaOXdKMHRxWXR0alF1RTA0b0YKditleko2dlJGYURCOENUMHVrckdtRm84VUNsaFlxblZONFYyS2Vxb09xdWYwRFRkMTg3V3ZLWXFHS1RveEVUdAoralFrNXFYY0RQMXp0R0ZBOWtKSFlCcnJuNzFheDNnempwQXNQWW0xRTlJQjhldkpqVUprTHYvSnFQK3VLWjg3CmdTeWZuK2VOU0YyVmlkYnlUa2NZalorRkdkM2U1RlpTNGMrZ3JERU1CTHZJMEw2SkdTOWp5aWpNQjc5UDJXUnMKaGZGZlZWNFVZN1ZKT1Y1SXZ0bm94QT09Ci0tLS0tRU5EIENFUlRJRklDQVRFLS0tLS0K",
                "password": "demodemodemodemo",
                "username": "demo"
              }
            ],
            "master_authorized_networks_config": [],
            "master_version": "1.13.11-gke.14",
            "min_master_version": null,
            "monitoring_service": "monitoring.googleapis.com/kubernetes",
            "name": "cassandra-europe-west1-b-master",
            "network": "projects/poc-rtc/global/networks/default",
            "network_policy": [
              {
                "enabled": false,
                "provider": ""
              }
            ],
            "node_config": [
              {
                "disk_size_gb": 100,
                "disk_type": "pd-standard",
                "guest_accelerator": [],
                "image_type": "COS",
                "labels": {},
                "local_ssd_count": 0,
                "machine_type": "n1-standard-2",
                "metadata": {
                  "disable-legacy-endpoints": "true"
                },
                "min_cpu_platform": "",
                "oauth_scopes": [
                  "https://www.googleapis.com/auth/devstorage.read_only",
                  "https://www.googleapis.com/auth/logging.write",
                  "https://www.googleapis.com/auth/monitoring",
                  "https://www.googleapis.com/auth/ndev.clouddns.readwrite",
                  "https://www.googleapis.com/auth/service.management.readonly",
                  "https://www.googleapis.com/auth/servicecontrol",
                  "https://www.googleapis.com/auth/trace.append"
                ],
                "preemptible": false,
                "sandbox_config": [],
                "service_account": "default",
                "shielded_instance_config": [
                  {
                    "enable_integrity_monitoring": true,
                    "enable_secure_boot": false
                  }
                ],
                "tags": [
                  "cassandra-cluster"
                ],
                "taint": [],
                "workload_metadata_config": []
              }
            ],
            "node_locations": [],
            "node_pool": [
              {
                "autoscaling": [],
                "initial_node_count": 4,
                "instance_group_urls": [
                  "https://www.googleapis.com/compute/v1/projects/poc-rtc/zones/europe-west1-b/instanceGroupManagers/gke-cassandra-europe-west1-nodes-pool-939b4f68-grp"
                ],
                "management": [
                  {
                    "auto_repair": true,
                    "auto_upgrade": true
                  }
                ],
                "max_pods_per_node": 0,
                "name": "nodes-pool",
                "name_prefix": "",
                "node_config": [
                  {
                    "disk_size_gb": 100,
                    "disk_type": "pd-standard",
                    "guest_accelerator": [],
                    "image_type": "COS",
                    "labels": {},
                    "local_ssd_count": 0,
                    "machine_type": "n1-standard-2",
                    "metadata": {
                      "disable-legacy-endpoints": "true"
                    },
                    "min_cpu_platform": "",
                    "oauth_scopes": [
                      "https://www.googleapis.com/auth/devstorage.read_only",
                      "https://www.googleapis.com/auth/logging.write",
                      "https://www.googleapis.com/auth/monitoring",
                      "https://www.googleapis.com/auth/ndev.clouddns.readwrite",
                      "https://www.googleapis.com/auth/service.management.readonly",
                      "https://www.googleapis.com/auth/servicecontrol",
                      "https://www.googleapis.com/auth/trace.append"
                    ],
                    "preemptible": false,
                    "sandbox_config": [],
                    "service_account": "default",
                    "shielded_instance_config": [
                      {
                        "enable_integrity_monitoring": true,
                        "enable_secure_boot": false
                      }
                    ],
                    "tags": [
                      "cassandra-cluster"
                    ],
                    "taint": [],
                    "workload_metadata_config": []
                  }
                ],
                "node_count": 4,
                "node_locations": [
                  "europe-west1-b"
                ],
                "version": "1.13.11-gke.14"
              }
            ],
            "node_version": "1.13.11-gke.14",
            "pod_security_policy_config": [],
            "private_cluster_config": [],
            "project": "poc-rtc",
            "region": null,
            "release_channel": [
              {
                "channel": "UNSPECIFIED"
              }
            ],
            "remove_default_node_pool": true,
            "resource_labels": {},
            "resource_usage_export_config": [],
            "services_ipv4_cidr": "10.55.240.0/20",
            "subnetwork": "projects/poc-rtc/regions/europe-west1/subnetworks/default",
            "timeouts": null,
            "tpu_ipv4_cidr_block": "",
            "vertical_pod_autoscaling": [
              {
                "enabled": false
              }
            ],
            "workload_identity_config": [],
            "zone": null
          },
          "private": "eyJlMmJmYjczMC1lY2FhLTExZTYtOGY4OC0zNDM2M2JjN2M0YzAiOnsiY3JlYXRlIjoxODAwMDAwMDAwMDAwLCJkZWxldGUiOjE4MDAwMDAwMDAwMDAsInVwZGF0ZSI6MzYwMDAwMDAwMDAwMH0sInNjaGVtYV92ZXJzaW9uIjoiMSJ9"
        }
      ]
    },
    {
      "mode": "managed",
      "type": "google_container_node_pool",
      "name": "nodes",
      "provider": "provider.google-beta",
      "instances": [
        {
          "schema_version": 1,
          "attributes": {
            "autoscaling": [],
            "cluster": "cassandra-europe-west1-b-master",
            "id": "projects/poc-rtc/locations/europe-west1-b/clusters/cassandra-europe-west1-b-master/nodePools/nodes-pool",
            "initial_node_count": 4,
            "instance_group_urls": [
              "https://www.googleapis.com/compute/v1/projects/poc-rtc/zones/europe-west1-b/instanceGroupManagers/gke-cassandra-europe-west1-nodes-pool-939b4f68-grp"
            ],
            "location": "europe-west1-b",
            "management": [
              {
                "auto_repair": true,
                "auto_upgrade": true
              }
            ],
            "max_pods_per_node": 0,
            "name": "nodes-pool",
            "name_prefix": "",
            "node_config": [
              {
                "disk_size_gb": 100,
                "disk_type": "pd-standard",
                "guest_accelerator": [],
                "image_type": "COS",
                "labels": {},
                "local_ssd_count": 0,
                "machine_type": "n1-standard-2",
                "metadata": {
                  "disable-legacy-endpoints": "true"
                },
                "min_cpu_platform": "",
                "oauth_scopes": [
                  "https://www.googleapis.com/auth/devstorage.read_only",
                  "https://www.googleapis.com/auth/logging.write",
                  "https://www.googleapis.com/auth/monitoring",
                  "https://www.googleapis.com/auth/ndev.clouddns.readwrite",
                  "https://www.googleapis.com/auth/service.management.readonly",
                  "https://www.googleapis.com/auth/servicecontrol",
                  "https://www.googleapis.com/auth/trace.append"
                ],
                "preemptible": false,
                "sandbox_config": [],
                "service_account": "default",
                "shielded_instance_config": [
                  {
                    "enable_integrity_monitoring": true,
                    "enable_secure_boot": false
                  }
                ],
                "tags": [
                  "cassandra-cluster"
                ],
                "taint": [],
                "workload_metadata_config": []
              }
            ],
            "node_count": 4,
            "node_locations": [
              "europe-west1-b"
            ],
            "project": "poc-rtc",
            "region": null,
            "timeouts": null,
            "version": "1.13.11-gke.14",
            "zone": null
          },
          "private": "eyJlMmJmYjczMC1lY2FhLTExZTYtOGY4OC0zNDM2M2JjN2M0YzAiOnsiY3JlYXRlIjoxODAwMDAwMDAwMDAwLCJkZWxldGUiOjYwMDAwMDAwMDAwMCwidXBkYXRlIjo2MDAwMDAwMDAwMDB9LCJzY2hlbWFfdmVyc2lvbiI6IjEifQ==",
          "depends_on": [
            "google_container_cluster.cassandra-cluster"
          ]
        }
      ]
    },
    {
      "mode": "managed",
      "type": "google_dns_managed_zone",
      "name": "external-dns-zone",
      "each": "list",
      "provider": "provider.google",
      "instances": [
        {
          "index_key": 0,
          "schema_version": 0,
          "attributes": {
            "description": "Automatically managed zone by kubernetes.io/external-dns",
            "dns_name": "external-dns-test.gcp.trycatchlearn.fr.",
            "dnssec_config": [],
            "id": "projects/poc-rtc/managedZones/external-dns-test-gcp-trycatchlearn-fr",
            "labels": {},
            "name": "external-dns-test-gcp-trycatchlearn-fr",
            "name_servers": [
              "ns-cloud-e1.googledomains.com.",
              "ns-cloud-e2.googledomains.com.",
              "ns-cloud-e3.googledomains.com.",
              "ns-cloud-e4.googledomains.com."
            ],
            "private_visibility_config": [],
            "project": "poc-rtc",
            "timeouts": null,
            "visibility": "public"
          },
          "private": "eyJlMmJmYjczMC1lY2FhLTExZTYtOGY4OC0zNDM2M2JjN2M0YzAiOnsiY3JlYXRlIjoyNDAwMDAwMDAwMDAsImRlbGV0ZSI6MjQwMDAwMDAwMDAwLCJ1cGRhdGUiOjI0MDAwMDAwMDAwMH19"
        }
      ]
    },
    {
      "mode": "managed",
      "type": "google_dns_record_set",
      "name": "external-dns-record-set",
      "each": "list",
      "provider": "provider.google",
      "instances": [
        {
          "index_key": 0,
          "schema_version": 0,
          "attributes": {
            "id": "tracking-pdb/external-dns-test.gcp.trycatchlearn.fr./NS",
            "managed_zone": "tracking-pdb",
            "name": "external-dns-test.gcp.trycatchlearn.fr.",
            "project": "poc-rtc",
            "rrdatas": [
              "ns-cloud-e1.googledomains.com.",
              "ns-cloud-e2.googledomains.com.",
              "ns-cloud-e3.googledomains.com.",
              "ns-cloud-e4.googledomains.com."
            ],
            "ttl": 300,
            "type": "NS"
          },
          "private": "bnVsbA==",
          "depends_on": [
            "google_dns_managed_zone.external-dns-zone[0]"
          ]
        }
      ]
    },
    {
      "mode": "managed",
      "type": "helm_release",
      "name": "casskop",
      "provider": "provider.helm",
      "instances": [
        {
          "schema_version": 0,
          "attributes": {
            "chart": "cassandra-operator",
            "devel": null,
            "disable_webhooks": true,
            "force_update": false,
            "id": "casskop",
            "keyring": null,
            "metadata": [
              {
                "chart": "cassandra-operator",
                "name": "casskop",
                "namespace": "cassandra-demo",
                "revision": 1,
                "values": "createCustomResource: true\nimage:\n  tag: v0.5.0-release\n",
                "version": "0.5.0"
              }
            ],
            "name": "casskop",
            "namespace": "cassandra-demo",
            "recreate_pods": false,
            "repository": "casskop",
            "reuse": false,
            "reuse_values": false,
            "set": [
              {
                "name": "createCustomResource",
                "value": "true"
              },
              {
                "name": "image.tag",
                "value": "v0.5.0-release"
              }
            ],
            "set_sensitive": [],
            "set_string": [],
            "status": "DEPLOYED",
            "timeout": 300,
            "values": null,
            "verify": false,
            "version": "0.5.0",
            "wait": true
          },
          "private": "bnVsbA==",
          "depends_on": [
            "data.helm_repository.casskop",
            "kubernetes_namespace.cassandra-demo"
          ]
        }
      ]
    },
    {
      "mode": "managed",
      "type": "kubernetes_cluster_role",
      "name": "external-dns",
      "provider": "provider.kubernetes",
      "instances": [
        {
          "schema_version": 0,
          "attributes": {
            "id": "external-dns",
            "metadata": [
              {
                "annotations": {},
                "generation": 0,
                "labels": {},
                "name": "external-dns",
                "resource_version": "50959",
                "self_link": "/apis/rbac.authorization.k8s.io/v1/clusterroles/external-dns",
                "uid": "b1dc0d20-15d9-11ea-9f34-42010a84016e"
              }
            ],
            "rule": [
              {
                "api_groups": [
                  ""
                ],
                "non_resource_urls": [],
                "resource_names": [],
                "resources": [
                  "services"
                ],
                "verbs": [
                  "get",
                  "watch",
                  "list"
                ]
              },
              {
                "api_groups": [
                  ""
                ],
                "non_resource_urls": [],
                "resource_names": [],
                "resources": [
                  "pods"
                ],
                "verbs": [
                  "get",
                  "watch",
                  "list"
                ]
              },
              {
                "api_groups": [
                  ""
                ],
                "non_resource_urls": [],
                "resource_names": [],
                "resources": [
                  "nodes"
                ],
                "verbs": [
                  "get",
                  "watch",
                  "list"
                ]
              },
              {
                "api_groups": [
                  "extensions"
                ],
                "non_resource_urls": [],
                "resource_names": [],
                "resources": [
                  "ingresses"
                ],
                "verbs": [
                  "get",
                  "watch",
                  "list"
                ]
              }
            ]
          },
          "private": "bnVsbA=="
        }
      ]
    },
    {
      "mode": "managed",
      "type": "kubernetes_cluster_role_binding",
      "name": "external-dns-viewer",
      "provider": "provider.kubernetes",
      "instances": [
        {
          "schema_version": 0,
          "attributes": {
            "id": "external-dns-viewer",
            "metadata": [
              {
                "annotations": {},
                "generation": 0,
                "labels": {},
                "name": "external-dns-viewer",
                "resource_version": "10292",
                "self_link": "/apis/rbac.authorization.k8s.io/v1/clusterrolebindings/external-dns-viewer",
                "uid": "b204c119-15d9-11ea-9f34-42010a84016e"
              }
            ],
            "role_ref": [
              {
                "api_group": "rbac.authorization.k8s.io",
                "kind": "ClusterRole",
                "name": "external-dns"
              }
            ],
            "subject": [
              {
                "api_group": "",
                "kind": "ServiceAccount",
                "name": "external-dns",
                "namespace": "cassandra-demo"
              }
            ]
          },
          "private": "bnVsbA==",
          "depends_on": [
            "kubernetes_cluster_role.external-dns",
            "kubernetes_service_account.external-dns"
          ]
        }
      ]
    },
    {
      "mode": "managed",
      "type": "kubernetes_cluster_role_binding",
      "name": "tiller-admin-binding",
      "provider": "provider.kubernetes",
      "instances": [
        {
          "schema_version": 0,
          "attributes": {
            "id": "tiller-admin-binding",
            "metadata": [
              {
                "annotations": {},
                "generation": 0,
                "labels": {},
                "name": "tiller-admin-binding",
                "resource_version": "1359",
                "self_link": "/apis/rbac.authorization.k8s.io/v1/clusterrolebindings/tiller-admin-binding",
                "uid": "f7cddebb-15d3-11ea-9f34-42010a84016e"
              }
            ],
            "role_ref": [
              {
                "api_group": "rbac.authorization.k8s.io",
                "kind": "ClusterRole",
                "name": "cluster-admin"
              }
            ],
            "subject": [
              {
                "api_group": "",
                "kind": "ServiceAccount",
                "name": "tiller",
                "namespace": "kube-system"
              }
            ]
          },
          "private": "bnVsbA==",
          "depends_on": [
            "kubernetes_service_account.tiller"
          ]
        }
      ]
    },
    {
      "mode": "managed",
      "type": "kubernetes_deployment",
      "name": "external-dns",
      "provider": "provider.kubernetes",
      "instances": [
        {
          "schema_version": 0,
          "attributes": {
            "id": "cassandra-demo/external-dns",
            "metadata": [
              {
                "annotations": {},
                "generate_name": "",
                "generation": 1,
                "labels": {
                  "app": "external-dns"
                },
                "name": "external-dns",
                "namespace": "cassandra-demo",
                "resource_version": "50995",
                "self_link": "/apis/apps/v1/namespaces/cassandra-demo/deployments/external-dns",
                "uid": "4b7980e3-15f4-11ea-9f34-42010a84016e"
              }
            ],
            "spec": [
              {
                "min_ready_seconds": 0,
                "paused": false,
                "progress_deadline_seconds": 600,
                "replicas": 1,
                "revision_history_limit": 10,
                "selector": [
                  {
                    "match_expressions": [],
                    "match_labels": {
                      "app": "external-dns"
                    }
                  }
                ],
                "strategy": [
                  {
                    "rolling_update": [],
                    "type": "Recreate"
                  }
                ],
                "template": [
                  {
                    "metadata": [
                      {
                        "annotations": {},
                        "generate_name": "",
                        "generation": 0,
                        "labels": {
                          "app": "external-dns"
                        },
                        "name": "",
                        "namespace": "",
                        "resource_version": "",
                        "self_link": "",
                        "uid": ""
                      }
                    ],
                    "spec": [
                      {
                        "active_deadline_seconds": 0,
                        "affinity": [],
                        "automount_service_account_token": true,
                        "container": [
                          {
                            "args": [
                              "--source=service",
                              "--source=ingress",
                              "--domain-filter=external-dns-test.gcp.trycatchlearn.fr",
                              "--provider=google",
                              "--policy=upsert-only",
                              "--registry=txt",
                              "--txt-owner-id=my-identifier"
                            ],
                            "command": [],
                            "env": [],
                            "env_from": [],
                            "image": "registry.opensource.zalan.do/teapot/external-dns:latest",
                            "image_pull_policy": "Always",
                            "lifecycle": [],
                            "liveness_probe": [],
                            "name": "external-dns",
                            "port": [],
                            "readiness_probe": [],
                            "resources": [
                              {
                                "limits": [],
                                "requests": []
                              }
                            ],
                            "security_context": [],
                            "stdin": false,
                            "stdin_once": false,
                            "termination_message_path": "/dev/termination-log",
                            "tty": false,
                            "volume_mount": [],
                            "working_dir": ""
                          }
                        ],
                        "dns_config": [],
                        "dns_policy": "ClusterFirst",
                        "host_aliases": [],
                        "host_ipc": false,
                        "host_network": false,
                        "host_pid": false,
                        "hostname": "",
                        "image_pull_secrets": [],
                        "init_container": [],
                        "node_name": "",
                        "node_selector": {},
                        "priority_class_name": "",
                        "restart_policy": "Always",
                        "security_context": [],
                        "service_account_name": "external-dns",
                        "share_process_namespace": false,
                        "subdomain": "",
                        "termination_grace_period_seconds": 30,
                        "toleration": [],
                        "volume": []
                      }
                    ]
                  }
                ]
              }
            ],
            "timeouts": null
          },
          "private": "eyJlMmJmYjczMC1lY2FhLTExZTYtOGY4OC0zNDM2M2JjN2M0YzAiOnsiY3JlYXRlIjo2MDAwMDAwMDAwMDAsImRlbGV0ZSI6NjAwMDAwMDAwMDAwLCJ1cGRhdGUiOjYwMDAwMDAwMDAwMH19",
          "depends_on": [
            "kubernetes_service_account.external-dns"
          ]
        }
      ]
    },
    {
      "mode": "managed",
      "type": "kubernetes_namespace",
      "name": "cassandra-demo",
      "provider": "provider.kubernetes",
      "instances": [
        {
          "schema_version": 0,
          "attributes": {
            "id": "cassandra-demo",
            "metadata": [
              {
                "annotations": {
                  "name": "cassandra-demo"
                },
                "generate_name": "",
                "generation": 0,
                "labels": {},
                "name": "cassandra-demo",
                "resource_version": "1350",
                "self_link": "/api/v1/namespaces/cassandra-demo",
                "uid": "f7b48d09-15d3-11ea-9f34-42010a84016e"
              }
            ],
            "timeouts": null
          },
          "private": "eyJlMmJmYjczMC1lY2FhLTExZTYtOGY4OC0zNDM2M2JjN2M0YzAiOnsiZGVsZXRlIjozMDAwMDAwMDAwMDB9fQ==",
          "depends_on": [
            "google_container_node_pool.nodes"
          ]
        }
      ]
    },
    {
      "mode": "managed",
      "type": "kubernetes_secret",
      "name": "tiller",
      "provider": "provider.kubernetes",
      "instances": [
        {
          "schema_version": 0,
          "attributes": {
            "data": {},
            "id": "kube-system/tiller",
            "metadata": [
              {
                "annotations": {},
                "generate_name": "",
                "generation": 0,
                "labels": {},
                "name": "tiller",
                "namespace": "kube-system",
                "resource_version": "1015",
                "self_link": "/api/v1/namespaces/kube-system/secrets/tiller",
                "uid": "d6002e2c-15d3-11ea-9f34-42010a84016e"
              }
            ],
            "type": "Opaque"
          },
          "private": "bnVsbA=="
        }
      ]
    },
    {
      "mode": "managed",
      "type": "kubernetes_service_account",
      "name": "external-dns",
      "provider": "provider.kubernetes",
      "instances": [
        {
          "schema_version": 0,
          "attributes": {
            "automount_service_account_token": true,
            "default_secret_name": "external-dns-token-b6pc8",
            "id": "cassandra-demo/external-dns",
            "image_pull_secret": [],
            "metadata": [
              {
                "annotations": {},
                "generate_name": "",
                "generation": 0,
                "labels": {},
                "name": "external-dns",
                "namespace": "cassandra-demo",
                "resource_version": "10288",
                "self_link": "/api/v1/namespaces/cassandra-demo/serviceaccounts/external-dns",
                "uid": "b1db3e7f-15d9-11ea-9f34-42010a84016e"
              }
            ],
            "secret": [],
            "timeouts": null
          },
          "private": "eyJlMmJmYjczMC1lY2FhLTExZTYtOGY4OC0zNDM2M2JjN2M0YzAiOnsiY3JlYXRlIjozMDAwMDAwMDAwMH19",
          "depends_on": [
            "google_container_node_pool.nodes",
            "kubernetes_namespace.cassandra-demo"
          ]
        }
      ]
    },
    {
      "mode": "managed",
      "type": "kubernetes_service_account",
      "name": "tiller",
      "provider": "provider.kubernetes",
      "instances": [
        {
          "schema_version": 0,
          "attributes": {
            "automount_service_account_token": false,
            "default_secret_name": "tiller-token-wcvlf",
            "id": "kube-system/tiller",
            "image_pull_secret": [],
            "metadata": [
              {
                "annotations": {},
                "generate_name": "",
                "generation": 0,
                "labels": {},
                "name": "tiller",
                "namespace": "kube-system",
                "resource_version": "51258",
                "self_link": "/api/v1/namespaces/kube-system/serviceaccounts/tiller",
                "uid": "f7b4283e-15d3-11ea-9f34-42010a84016e"
              }
            ],
            "secret": [],
            "timeouts": null
          },
          "private": "eyJlMmJmYjczMC1lY2FhLTExZTYtOGY4OC0zNDM2M2JjN2M0YzAiOnsiY3JlYXRlIjozMDAwMDAwMDAwMH19",
          "depends_on": [
            "google_container_node_pool.nodes",
            "kubernetes_secret.tiller"
          ]
        }
      ]
    }
  ]
}
