{
  "version": 4,
  "terraform_version": "0.12.6",
  "serial": 35,
  "lineage": "54b5e058-f14e-d8ad-4e52-78c5fa87d5b5",
  "outputs": {
    "cluster_ca": {
      "value": "-----BEGIN CERTIFICATE-----\nMIIDCzCCAfOgAwIBAgIQfXKxVaKLzEObmYwOHp1HdDANBgkqhkiG9w0BAQsFADAv\nMS0wKwYDVQQDEyRlOTAyYjFiYS00YjU1LTRlM2UtYjVmYS0yY2JhOWRjNDVjZTkw\nHhcNMTkxMjAzMTI1NTA4WhcNMjQxMjAxMTM1NTA4WjAvMS0wKwYDVQQDEyRlOTAy\nYjFiYS00YjU1LTRlM2UtYjVmYS0yY2JhOWRjNDVjZTkwggEiMA0GCSqGSIb3DQEB\nAQUAA4IBDwAwggEKAoIBAQCgKueXE5LmBF2axEDOfpq1qvjYJ3PY5X6vWUFGmn08\nTZe0sTPLsiXl+TIKS5xbdhjDTsYtAKJbyYY0K6dW3ycJNmdO8h2HZQEYKkBBEwwM\nrBtNDjQhX5LM1Kyn169zAuWdxvwjy8xouXjgGrup9moCJRNPMu4K1sRgVhxtTvX/\n/Q8QB3wmYJzzCLn6nXRkFT+Z1RIeDLZRhdMwxGbktsJ/zzm/luBupvUBiS9hWa3R\nvguQZOuoZfc+dTDQdrRG9dPA+6Hx8zL3ufBLVy7GENoQGES2IK90BrjhdgPzWq36\nfKduBnmdPk674tmez+FndH3kKIMiDPNNR/FaKn81EcHLAgMBAAGjIzAhMA4GA1Ud\nDwEB/wQEAwICBDAPBgNVHRMBAf8EBTADAQH/MA0GCSqGSIb3DQEBCwUAA4IBAQBb\nVgaB7K4s3bMQbwzcZLxn9bl+jeAFf9v1rQ5KX4FyDpmfCntO/yUdidPLs0HZTdR7\nmkMK+0OnfnOEcHteEEEcmv8JgKtb90Z/ovwOVLyt1yUUlVVyfD/iIAM/FJJPZLer\nneVP6qbioQrEgUaVH2stD+vBU9q+OeAmxGK7sopuz3FHy3VRtoiAjAdUbW8c5/Fu\nVXWDF1/3n05r9Vvd65Hq/GQzpOTCKQIYNgHTm7tYgYGkBZJxLqA+JtzeZr8WRDe6\ng0IzNXXBkSMmC96BZhfy8YTIxAtdBUOL8s+LcK6nAiDhqZba7QYtd9nkaTWbcKOy\nLHgbi9B+3HiFTyhbsyVx\n-----END CERTIFICATE-----\n",
      "type": "string"
    },
    "cluster_name": {
      "value": "gke_poc-rtc_europe-west1-c_cassandra-europe-west1-c-slave",
      "type": "string"
    },
    "cluster_server": {
      "value": "https://35.195.130.167",
      "type": "string"
    },
    "cluster_zone": {
      "value": "europe-west1-c",
      "type": "string"
    }
  },
  "resources": [
    {
      "mode": "data",
      "type": "google_client_config",
      "name": "current",
      "provider": "provider.google",
      "instances": [
        {
          "schema_version": 0,
          "attributes": {
            "access_token": "ya29.c.KmWzBxqJ4mpaJ1CAxvcWoRa9nJxbic2iwAiV72Nv-OITZdllVgU9aEe-uC9fAir0TTvVlOaJIwsuyvfXuu_VXpK3aHoTUSlBukZTTTgn-AZAfZ5wnzwu3F0qF6haXbmqw1-srj442A",
            "id": "2019-12-03 16:55:29.486116301 +0000 UTC",
            "project": "poc-rtc",
            "region": "europe-west1",
            "zone": "europe-west1-c"
          }
        }
      ]
    },
    {
      "mode": "data",
      "type": "helm_repository",
      "name": "casskop",
      "provider": "provider.helm",
      "instances": [
        {
          "schema_version": 0,
          "attributes": {
            "ca_file": null,
            "cert_file": null,
            "id": "casskop",
            "key_file": null,
            "metadata": [
              {
                "name": "casskop",
                "url": "https://Orange-OpenSource.github.io/cassandra-k8s-operator/helm"
              }
            ],
            "name": "casskop",
            "password": null,
            "url": "https://Orange-OpenSource.github.io/cassandra-k8s-operator/helm",
            "username": null
          }
        }
      ]
    },
    {
      "mode": "managed",
      "type": "google_container_cluster",
      "name": "cassandra-cluster",
      "provider": "provider.google-beta",
      "instances": [
        {
          "schema_version": 1,
          "attributes": {
            "additional_zones": null,
            "addons_config": [
              {
                "cloudrun_config": [
                  {
                    "disabled": true
                  }
                ],
                "horizontal_pod_autoscaling": [
                  {
                    "disabled": false
                  }
                ],
                "http_load_balancing": [
                  {
                    "disabled": false
                  }
                ],
                "istio_config": [
                  {
                    "auth": "",
                    "disabled": true
                  }
                ],
                "kubernetes_dashboard": [],
                "network_policy_config": [
                  {
                    "disabled": true
                  }
                ]
              }
            ],
            "authenticator_groups_config": [],
            "cluster_autoscaling": [
              {
                "enabled": false,
                "resource_limits": []
              }
            ],
            "cluster_ipv4_cidr": "10.8.0.0/14",
            "database_encryption": [
              {
                "key_name": "",
                "state": "DECRYPTED"
              }
            ],
            "default_max_pods_per_node": 110,
            "description": "",
            "enable_binary_authorization": false,
            "enable_intranode_visibility": false,
            "enable_kubernetes_alpha": false,
            "enable_legacy_abac": false,
            "enable_shielded_nodes": false,
            "enable_tpu": false,
            "endpoint": "35.195.130.167",
            "id": "projects/poc-rtc/locations/europe-west1-c/clusters/cassandra-europe-west1-c-slave",
            "initial_node_count": 1,
            "instance_group_urls": [
              "https://www.googleapis.com/compute/beta/projects/poc-rtc/zones/europe-west1-c/instanceGroups/gke-cassandra-europe-west1-nodes-pool-2bbc3368-grp"
            ],
            "ip_allocation_policy": [],
            "location": "europe-west1-c",
            "logging_service": "logging.googleapis.com/kubernetes",
            "maintenance_policy": [],
            "master_auth": [
              {
                "client_certificate": "",
                "client_certificate_config": [
                  {
                    "issue_client_certificate": false
                  }
                ],
                "client_key": "",
                "cluster_ca_certificate": "LS0tLS1CRUdJTiBDRVJUSUZJQ0FURS0tLS0tCk1JSURDekNDQWZPZ0F3SUJBZ0lRZlhLeFZhS0x6RU9ibVl3T0hwMUhkREFOQmdrcWhraUc5dzBCQVFzRkFEQXYKTVMwd0t3WURWUVFERXlSbE9UQXlZakZpWVMwMFlqVTFMVFJsTTJVdFlqVm1ZUzB5WTJKaE9XUmpORFZqWlRrdwpIaGNOTVRreE1qQXpNVEkxTlRBNFdoY05NalF4TWpBeE1UTTFOVEE0V2pBdk1TMHdLd1lEVlFRREV5UmxPVEF5CllqRmlZUzAwWWpVMUxUUmxNMlV0WWpWbVlTMHlZMkpoT1dSak5EVmpaVGt3Z2dFaU1BMEdDU3FHU0liM0RRRUIKQVFVQUE0SUJEd0F3Z2dFS0FvSUJBUUNnS3VlWEU1TG1CRjJheEVET2ZwcTFxdmpZSjNQWTVYNnZXVUZHbW4wOApUWmUwc1RQTHNpWGwrVElLUzV4YmRoakRUc1l0QUtKYnlZWTBLNmRXM3ljSk5tZE84aDJIWlFFWUtrQkJFd3dNCnJCdE5EalFoWDVMTTFLeW4xNjl6QXVXZHh2d2p5OHhvdVhqZ0dydXA5bW9DSlJOUE11NEsxc1JnVmh4dFR2WC8KL1E4UUIzd21ZSnp6Q0xuNm5YUmtGVCtaMVJJZURMWlJoZE13eEdia3RzSi96em0vbHVCdXB2VUJpUzloV2EzUgp2Z3VRWk91b1pmYytkVERRZHJSRzlkUEErNkh4OHpMM3VmQkxWeTdHRU5vUUdFUzJJSzkwQnJqaGRnUHpXcTM2CmZLZHVCbm1kUGs2NzR0bWV6K0ZuZEgza0tJTWlEUE5OUi9GYUtuODFFY0hMQWdNQkFBR2pJekFoTUE0R0ExVWQKRHdFQi93UUVBd0lDQkRBUEJnTlZIUk1CQWY4RUJUQURBUUgvTUEwR0NTcUdTSWIzRFFFQkN3VUFBNElCQVFCYgpWZ2FCN0s0czNiTVFid3pjWkx4bjlibCtqZUFGZjl2MXJRNUtYNEZ5RHBtZkNudE8veVVkaWRQTHMwSFpUZFI3Cm1rTUsrME9uZm5PRWNIdGVFRUVjbXY4SmdLdGI5MFovb3Z3T1ZMeXQxeVVVbFZWeWZEL2lJQU0vRkpKUFpMZXIKbmVWUDZxYmlvUXJFZ1VhVkgyc3REK3ZCVTlxK09lQW14R0s3c29wdXozRkh5M1ZSdG9pQWpBZFViVzhjNS9GdQpWWFdERjEvM24wNXI5VnZkNjVIcS9HUXpwT1RDS1FJWU5nSFRtN3RZZ1lHa0JaSnhMcUErSnR6ZVpyOFdSRGU2CmcwSXpOWFhCa1NNbUM5NkJaaGZ5OFlUSXhBdGRCVU9MOHMrTGNLNm5BaURocVpiYTdRWXRkOW5rYVRXYmNLT3kKTEhnYmk5QiszSGlGVHloYnN5VngKLS0tLS1FTkQgQ0VSVElGSUNBVEUtLS0tLQo=",
                "password": "demodemodemodemo",
                "username": "demo"
              }
            ],
            "master_authorized_networks_config": [],
            "master_version": "1.13.11-gke.14",
            "min_master_version": null,
            "monitoring_service": "monitoring.googleapis.com/kubernetes",
            "name": "cassandra-europe-west1-c-slave",
            "network": "projects/poc-rtc/global/networks/default",
            "network_policy": [
              {
                "enabled": false,
                "provider": ""
              }
            ],
            "node_config": [
              {
                "disk_size_gb": 100,
                "disk_type": "pd-standard",
                "guest_accelerator": [],
                "image_type": "COS",
                "labels": {},
                "local_ssd_count": 0,
                "machine_type": "n1-standard-2",
                "metadata": {
                  "disable-legacy-endpoints": "true"
                },
                "min_cpu_platform": "",
                "oauth_scopes": [
                  "https://www.googleapis.com/auth/devstorage.read_only",
                  "https://www.googleapis.com/auth/logging.write",
                  "https://www.googleapis.com/auth/monitoring",
                  "https://www.googleapis.com/auth/ndev.clouddns.readwrite",
                  "https://www.googleapis.com/auth/service.management.readonly",
                  "https://www.googleapis.com/auth/servicecontrol",
                  "https://www.googleapis.com/auth/trace.append"
                ],
                "preemptible": false,
                "sandbox_config": [],
                "service_account": "default",
                "shielded_instance_config": [
                  {
                    "enable_integrity_monitoring": true,
                    "enable_secure_boot": false
                  }
                ],
                "tags": [
                  "cassandra-cluster"
                ],
                "taint": [],
                "workload_metadata_config": []
              }
            ],
            "node_locations": [],
            "node_pool": [
              {
                "autoscaling": [],
                "initial_node_count": 4,
                "instance_group_urls": [
                  "https://www.googleapis.com/compute/v1/projects/poc-rtc/zones/europe-west1-c/instanceGroupManagers/gke-cassandra-europe-west1-nodes-pool-2bbc3368-grp"
                ],
                "management": [
                  {
                    "auto_repair": true,
                    "auto_upgrade": true
                  }
                ],
                "max_pods_per_node": 0,
                "name": "nodes-pool",
                "name_prefix": "",
                "node_config": [
                  {
                    "disk_size_gb": 100,
                    "disk_type": "pd-standard",
                    "guest_accelerator": [],
                    "image_type": "COS",
                    "labels": {},
                    "local_ssd_count": 0,
                    "machine_type": "n1-standard-2",
                    "metadata": {
                      "disable-legacy-endpoints": "true"
                    },
                    "min_cpu_platform": "",
                    "oauth_scopes": [
                      "https://www.googleapis.com/auth/devstorage.read_only",
                      "https://www.googleapis.com/auth/logging.write",
                      "https://www.googleapis.com/auth/monitoring",
                      "https://www.googleapis.com/auth/ndev.clouddns.readwrite",
                      "https://www.googleapis.com/auth/service.management.readonly",
                      "https://www.googleapis.com/auth/servicecontrol",
                      "https://www.googleapis.com/auth/trace.append"
                    ],
                    "preemptible": false,
                    "sandbox_config": [],
                    "service_account": "default",
                    "shielded_instance_config": [
                      {
                        "enable_integrity_monitoring": true,
                        "enable_secure_boot": false
                      }
                    ],
                    "tags": [
                      "cassandra-cluster"
                    ],
                    "taint": [],
                    "workload_metadata_config": []
                  }
                ],
                "node_count": 4,
                "node_locations": [
                  "europe-west1-c"
                ],
                "version": "1.13.11-gke.14"
              }
            ],
            "node_version": "1.13.11-gke.14",
            "pod_security_policy_config": [],
            "private_cluster_config": [],
            "project": "poc-rtc",
            "region": null,
            "release_channel": [
              {
                "channel": "UNSPECIFIED"
              }
            ],
            "remove_default_node_pool": true,
            "resource_labels": {},
            "resource_usage_export_config": [],
            "services_ipv4_cidr": "10.11.240.0/20",
            "subnetwork": "projects/poc-rtc/regions/europe-west1/subnetworks/default",
            "timeouts": null,
            "tpu_ipv4_cidr_block": "",
            "vertical_pod_autoscaling": [
              {
                "enabled": false
              }
            ],
            "workload_identity_config": [],
            "zone": null
          },
          "private": "eyJlMmJmYjczMC1lY2FhLTExZTYtOGY4OC0zNDM2M2JjN2M0YzAiOnsiY3JlYXRlIjoxODAwMDAwMDAwMDAwLCJkZWxldGUiOjE4MDAwMDAwMDAwMDAsInVwZGF0ZSI6MzYwMDAwMDAwMDAwMH0sInNjaGVtYV92ZXJzaW9uIjoiMSJ9"
        }
      ]
    },
    {
      "mode": "managed",
      "type": "google_container_node_pool",
      "name": "nodes",
      "provider": "provider.google-beta",
      "instances": [
        {
          "schema_version": 1,
          "attributes": {
            "autoscaling": [],
            "cluster": "cassandra-europe-west1-c-slave",
            "id": "projects/poc-rtc/locations/europe-west1-c/clusters/cassandra-europe-west1-c-slave/nodePools/nodes-pool",
            "initial_node_count": 4,
            "instance_group_urls": [
              "https://www.googleapis.com/compute/v1/projects/poc-rtc/zones/europe-west1-c/instanceGroupManagers/gke-cassandra-europe-west1-nodes-pool-2bbc3368-grp"
            ],
            "location": "europe-west1-c",
            "management": [
              {
                "auto_repair": true,
                "auto_upgrade": true
              }
            ],
            "max_pods_per_node": 0,
            "name": "nodes-pool",
            "name_prefix": "",
            "node_config": [
              {
                "disk_size_gb": 100,
                "disk_type": "pd-standard",
                "guest_accelerator": [],
                "image_type": "COS",
                "labels": {},
                "local_ssd_count": 0,
                "machine_type": "n1-standard-2",
                "metadata": {
                  "disable-legacy-endpoints": "true"
                },
                "min_cpu_platform": "",
                "oauth_scopes": [
                  "https://www.googleapis.com/auth/devstorage.read_only",
                  "https://www.googleapis.com/auth/logging.write",
                  "https://www.googleapis.com/auth/monitoring",
                  "https://www.googleapis.com/auth/ndev.clouddns.readwrite",
                  "https://www.googleapis.com/auth/service.management.readonly",
                  "https://www.googleapis.com/auth/servicecontrol",
                  "https://www.googleapis.com/auth/trace.append"
                ],
                "preemptible": false,
                "sandbox_config": [],
                "service_account": "default",
                "shielded_instance_config": [
                  {
                    "enable_integrity_monitoring": true,
                    "enable_secure_boot": false
                  }
                ],
                "tags": [
                  "cassandra-cluster"
                ],
                "taint": [],
                "workload_metadata_config": []
              }
            ],
            "node_count": 4,
            "node_locations": [
              "europe-west1-c"
            ],
            "project": "poc-rtc",
            "region": null,
            "timeouts": null,
            "version": "1.13.11-gke.14",
            "zone": null
          },
          "private": "eyJlMmJmYjczMC1lY2FhLTExZTYtOGY4OC0zNDM2M2JjN2M0YzAiOnsiY3JlYXRlIjoxODAwMDAwMDAwMDAwLCJkZWxldGUiOjYwMDAwMDAwMDAwMCwidXBkYXRlIjo2MDAwMDAwMDAwMDB9LCJzY2hlbWFfdmVyc2lvbiI6IjEifQ==",
          "depends_on": [
            "google_container_cluster.cassandra-cluster"
          ]
        }
      ]
    },
    {
      "mode": "managed",
      "type": "google_dns_managed_zone",
      "name": "external-dns-zone",
      "each": "list",
      "provider": "provider.google",
      "instances": []
    },
    {
      "mode": "managed",
      "type": "google_dns_record_set",
      "name": "external-dns-record-set",
      "each": "list",
      "provider": "provider.google",
      "instances": []
    },
    {
      "mode": "managed",
      "type": "helm_release",
      "name": "casskop",
      "provider": "provider.helm",
      "instances": [
        {
          "schema_version": 0,
          "attributes": {
            "chart": "cassandra-operator",
            "devel": null,
            "disable_webhooks": true,
            "force_update": false,
            "id": "casskop",
            "keyring": null,
            "metadata": [
              {
                "chart": "cassandra-operator",
                "name": "casskop",
                "namespace": "cassandra-demo",
                "revision": 1,
                "values": "createCustomResource: true\nimage:\n  tag: v0.5.0-release\n",
                "version": "0.5.0"
              }
            ],
            "name": "casskop",
            "namespace": "cassandra-demo",
            "recreate_pods": false,
            "repository": "casskop",
            "reuse": false,
            "reuse_values": false,
            "set": [
              {
                "name": "createCustomResource",
                "value": "true"
              },
              {
                "name": "image.tag",
                "value": "v0.5.0-release"
              }
            ],
            "set_sensitive": [],
            "set_string": [],
            "status": "DEPLOYED",
            "timeout": 300,
            "values": null,
            "verify": false,
            "version": "0.5.0",
            "wait": true
          },
          "private": "bnVsbA==",
          "depends_on": [
            "data.helm_repository.casskop",
            "kubernetes_namespace.cassandra-demo"
          ]
        }
      ]
    },
    {
      "mode": "managed",
      "type": "kubernetes_cluster_role_binding",
      "name": "tiller-admin-binding",
      "provider": "provider.kubernetes",
      "instances": [
        {
          "schema_version": 0,
          "attributes": {
            "id": "tiller-admin-binding",
            "metadata": [
              {
                "annotations": {},
                "generation": 0,
                "labels": {},
                "name": "tiller-admin-binding",
                "resource_version": "1347",
                "self_link": "/apis/rbac.authorization.k8s.io/v1/clusterrolebindings/tiller-admin-binding",
                "uid": "44027e5c-15d5-11ea-ba2e-42010a8400fa"
              }
            ],
            "role_ref": [
              {
                "api_group": "rbac.authorization.k8s.io",
                "kind": "ClusterRole",
                "name": "cluster-admin"
              }
            ],
            "subject": [
              {
                "api_group": "",
                "kind": "ServiceAccount",
                "name": "tiller",
                "namespace": "kube-system"
              }
            ]
          },
          "private": "bnVsbA==",
          "depends_on": [
            "kubernetes_service_account.tiller"
          ]
        }
      ]
    },
    {
      "mode": "managed",
      "type": "kubernetes_deployment",
      "name": "external-dns",
      "provider": "provider.kubernetes",
      "instances": [
        {
          "schema_version": 0,
          "attributes": {
            "id": "cassandra-demo/external-dns",
            "metadata": [
              {
                "annotations": {},
                "generate_name": "",
                "generation": 1,
                "labels": {
                  "app": "external-dns"
                },
                "name": "external-dns",
                "namespace": "cassandra-demo",
                "resource_version": "40300",
                "self_link": "/apis/apps/v1/namespaces/cassandra-demo/deployments/external-dns",
                "uid": "60771948-15ee-11ea-ba2e-42010a8400fa"
              }
            ],
            "spec": [
              {
                "min_ready_seconds": 0,
                "paused": false,
                "progress_deadline_seconds": 2147483647,
                "replicas": 1,
                "revision_history_limit": 2147483647,
                "selector": [
                  {
                    "match_expressions": [],
                    "match_labels": {
                      "app": "external-dns"
                    }
                  }
                ],
                "strategy": [
                  {
                    "rolling_update": [],
                    "type": "Recreate"
                  }
                ],
                "template": [
                  {
                    "metadata": [
                      {
                        "annotations": {},
                        "generate_name": "",
                        "generation": 0,
                        "labels": {
                          "app": "external-dns"
                        },
                        "name": "",
                        "namespace": "",
                        "resource_version": "",
                        "self_link": "",
                        "uid": ""
                      }
                    ],
                    "spec": [
                      {
                        "active_deadline_seconds": 0,
                        "affinity": [],
                        "automount_service_account_token": false,
                        "container": [
                          {
                            "args": [
                              "--source=service",
                              "--source=ingress",
                              "--domain-filter=external-dns-test.gcp.trycatchlearn.fr",
                              "--provider=google",
                              "--policy=upsert-only",
                              "--registry=txt",
                              "--txt-owner-id=my-identifier"
                            ],
                            "command": [],
                            "env": [],
                            "env_from": [],
                            "image": "registry.opensource.zalan.do/teapot/external-dns:latest",
                            "image_pull_policy": "Always",
                            "lifecycle": [],
                            "liveness_probe": [],
                            "name": "external-dns",
                            "port": [],
                            "readiness_probe": [],
                            "resources": [
                              {
                                "limits": null,
                                "requests": null
                              }
                            ],
                            "security_context": [],
                            "stdin": false,
                            "stdin_once": false,
                            "termination_message_path": "/dev/termination-log",
                            "tty": false,
                            "volume_mount": [],
                            "working_dir": ""
                          }
                        ],
                        "dns_config": [],
                        "dns_policy": "ClusterFirst",
                        "host_aliases": [],
                        "host_ipc": false,
                        "host_network": false,
                        "host_pid": false,
                        "hostname": "",
                        "image_pull_secrets": [],
                        "init_container": [],
                        "node_name": "",
                        "node_selector": {},
                        "priority_class_name": "",
                        "restart_policy": "Always",
                        "security_context": [],
                        "service_account_name": "external-dns",
                        "share_process_namespace": false,
                        "subdomain": "",
                        "termination_grace_period_seconds": 30,
                        "toleration": [],
                        "volume": []
                      }
                    ]
                  }
                ]
              }
            ],
            "timeouts": {
              "create": null,
              "delete": null,
              "update": null
            }
          },
          "private": "eyJlMmJmYjczMC1lY2FhLTExZTYtOGY4OC0zNDM2M2JjN2M0YzAiOnsiY3JlYXRlIjo2MDAwMDAwMDAwMDAsImRlbGV0ZSI6NjAwMDAwMDAwMDAwLCJ1cGRhdGUiOjYwMDAwMDAwMDAwMH0sInNjaGVtYV92ZXJzaW9uIjoiMCJ9"
        }
      ]
    },
    {
      "mode": "managed",
      "type": "kubernetes_namespace",
      "name": "cassandra-demo",
      "provider": "provider.kubernetes",
      "instances": [
        {
          "schema_version": 0,
          "attributes": {
            "id": "cassandra-demo",
            "metadata": [
              {
                "annotations": {
                  "name": "cassandra-demo"
                },
                "generate_name": "",
                "generation": 0,
                "labels": {},
                "name": "cassandra-demo",
                "resource_version": "1337",
                "self_link": "/api/v1/namespaces/cassandra-demo",
                "uid": "43e83aee-15d5-11ea-ba2e-42010a8400fa"
              }
            ],
            "timeouts": null
          },
          "private": "eyJlMmJmYjczMC1lY2FhLTExZTYtOGY4OC0zNDM2M2JjN2M0YzAiOnsiZGVsZXRlIjozMDAwMDAwMDAwMDB9fQ==",
          "depends_on": [
            "google_container_node_pool.nodes"
          ]
        }
      ]
    },
    {
      "mode": "managed",
      "type": "kubernetes_secret",
      "name": "tiller",
      "provider": "provider.kubernetes",
      "instances": [
        {
          "schema_version": 0,
          "attributes": {
            "data": {},
            "id": "kube-system/tiller",
            "metadata": [
              {
                "annotations": {},
                "generate_name": "",
                "generation": 0,
                "labels": {},
                "name": "tiller",
                "namespace": "kube-system",
                "resource_version": "1003",
                "self_link": "/api/v1/namespaces/kube-system/secrets/tiller",
                "uid": "225fae74-15d5-11ea-ba2e-42010a8400fa"
              }
            ],
            "type": "Opaque"
          },
          "private": "bnVsbA=="
        }
      ]
    },
    {
      "mode": "managed",
      "type": "kubernetes_service_account",
      "name": "external-dns",
      "provider": "provider.kubernetes",
      "instances": [
        {
          "schema_version": 0,
          "attributes": {
            "automount_service_account_token": true,
            "default_secret_name": "external-dns-token-jprgf",
            "id": "cassandra-demo/external-dns",
            "image_pull_secret": [],
            "metadata": [
              {
                "annotations": {},
                "generate_name": "",
                "generation": 0,
                "labels": {},
                "name": "external-dns",
                "namespace": "cassandra-demo",
                "resource_version": "37223",
                "self_link": "/api/v1/namespaces/cassandra-demo/serviceaccounts/external-dns",
                "uid": "43f2989a-15d5-11ea-ba2e-42010a8400fa"
              }
            ],
            "secret": [],
            "timeouts": null
          },
          "private": "eyJlMmJmYjczMC1lY2FhLTExZTYtOGY4OC0zNDM2M2JjN2M0YzAiOnsiY3JlYXRlIjozMDAwMDAwMDAwMH19",
          "depends_on": [
            "google_container_node_pool.nodes",
            "kubernetes_namespace.cassandra-demo"
          ]
        }
      ]
    },
    {
      "mode": "managed",
      "type": "kubernetes_service_account",
      "name": "tiller",
      "provider": "provider.kubernetes",
      "instances": [
        {
          "schema_version": 0,
          "attributes": {
            "automount_service_account_token": false,
            "default_secret_name": "tiller-token-x656g",
            "id": "kube-system/tiller",
            "image_pull_secret": [],
            "metadata": [
              {
                "annotations": {},
                "generate_name": "",
                "generation": 0,
                "labels": {},
                "name": "tiller",
                "namespace": "kube-system",
                "resource_version": "1340",
                "self_link": "/api/v1/namespaces/kube-system/serviceaccounts/tiller",
                "uid": "43e87731-15d5-11ea-ba2e-42010a8400fa"
              }
            ],
            "secret": [],
            "timeouts": null
          },
          "private": "eyJlMmJmYjczMC1lY2FhLTExZTYtOGY4OC0zNDM2M2JjN2M0YzAiOnsiY3JlYXRlIjozMDAwMDAwMDAwMH19",
          "depends_on": [
            "google_container_node_pool.nodes",
            "kubernetes_secret.tiller"
          ]
        }
      ]
    }
  ]
}
